
Microsoft Visual Studio Solution File, Format Version 12.00
# Visual Studio 15
VisualStudioVersion = 15.0.28307.1684
MinimumVisualStudioVersion = 10.0.40219.1
Project("{FAE04EC0-301F-11D3-BF4B-00C04F79EFBC}") = "ListBox控件1", "ListBox控件1.csproj", "{528E6DD3-13F7-4B7B-95BC-6E2BF7697760}"
EndProject
Global
	GlobalSection(SolutionConfigurationPlatforms) = preSolution
		Debug|Any CPU = Debug|Any CPU
		Release|Any CPU = Release|Any CPU
	EndGlobalSection
	GlobalSection(ProjectConfigurationPlatforms) = postSolution
		{528E6DD3-13F7-4B7B-95BC-6E2BF7697760}.Debug|Any CPU.ActiveCfg = Debug|Any CPU
		{528E6DD3-13F7-4B7B-95BC-6E2BF7697760}.Debug|Any CPU.Build.0 = Debug|Any CPU
		{528E6DD3-13F7-4B7B-95BC-6E2BF7697760}.Release|Any CPU.ActiveCfg = Release|Any CPU
		{528E6DD3-13F7-4B7B-95BC-6E2BF7697760}.Release|Any CPU.Build.0 = Release|Any CPU
	EndGlobalSection
	GlobalSection(SolutionProperties) = preSolution
		HideSolutionNode = FALSE
	EndGlobalSection
	GlobalSection(ExtensibilityGlobals) = postSolution
		SolutionGuid = {F9CECCBA-C28D-42E2-BE09-37D5A9D259B3}
	EndGlobalSection
EndGlobal
